
Microsoft Visual Studio Solution File, Format Version 12.00
# Visual Studio Version 16
VisualStudioVersion = 16.0.29709.97
MinimumVisualStudioVersion = 10.0.40219.1
Project("{FAE04EC0-301F-11D3-BF4B-00C04F79EFBC}") = "XamarinFormsExample.Android", "XamarinFormsExample\XamarinFormsExample.Android\XamarinFormsExample.Android.csproj", "{6616F8BB-397D-4C2A-8FD7-5F758E0C8C27}"
EndProject
Project("{FAE04EC0-301F-11D3-BF4B-00C04F79EFBC}") = "XamarinFormsExample.iOS", "XamarinFormsExample\XamarinFormsExample.iOS\XamarinFormsExample.iOS.csproj", "{798BCEA2-93F3-4655-B8D6-CD7A55C9F5AA}"
EndProject
Project("{FAE04EC0-301F-11D3-BF4B-00C04F79EFBC}") = "XamarinFormsExample", "XamarinFormsExample\XamarinFormsExample\XamarinFormsExample.csproj", "{FB489269-C5AD-4E48-ADE4-93677684A810}"
EndProject
Global
	GlobalSection(SolutionConfigurationPlatforms) = preSolution
		Debug|Any CPU = Debug|Any CPU
		Debug|iPhone = Debug|iPhone
		Debug|iPhoneSimulator = Debug|iPhoneSimulator
		Release|Any CPU = Release|Any CPU
		Release|iPhone = Release|iPhone
		Release|iPhoneSimulator = Release|iPhoneSimulator
	EndGlobalSection
	GlobalSection(ProjectConfigurationPlatforms) = postSolution
		{6616F8BB-397D-4C2A-8FD7-5F758E0C8C27}.Debug|Any CPU.ActiveCfg = Debug|Any CPU
		{6616F8BB-397D-4C2A-8FD7-5F758E0C8C27}.Debug|Any CPU.Build.0 = Debug|Any CPU
		{6616F8BB-397D-4C2A-8FD7-5F758E0C8C27}.Debug|Any CPU.Deploy.0 = Debug|Any CPU
		{6616F8BB-397D-4C2A-8FD7-5F758E0C8C27}.Debug|iPhone.ActiveCfg = Debug|Any CPU
		{6616F8BB-397D-4C2A-8FD7-5F758E0C8C27}.Debug|iPhone.Build.0 = Debug|Any CPU
		{6616F8BB-397D-4C2A-8FD7-5F758E0C8C27}.Debug|iPhone.Deploy.0 = Debug|Any CPU
		{6616F8BB-397D-4C2A-8FD7-5F758E0C8C27}.Debug|iPhoneSimulator.ActiveCfg = Debug|Any CPU
		{6616F8BB-397D-4C2A-8FD7-5F758E0C8C27}.Debug|iPhoneSimulator.Build.0 = Debug|Any CPU
		{6616F8BB-397D-4C2A-8FD7-5F758E0C8C27}.Debug|iPhoneSimulator.Deploy.0 = Debug|Any CPU
		{6616F8BB-397D-4C2A-8FD7-5F758E0C8C27}.Release|Any CPU.ActiveCfg = Release|Any CPU
		{6616F8BB-397D-4C2A-8FD7-5F758E0C8C27}.Release|Any CPU.Build.0 = Release|Any CPU
		{6616F8BB-397D-4C2A-8FD7-5F758E0C8C27}.Release|Any CPU.Deploy.0 = Release|Any CPU
		{6616F8BB-397D-4C2A-8FD7-5F758E0C8C27}.Release|iPhone.ActiveCfg = Release|Any CPU
		{6616F8BB-397D-4C2A-8FD7-5F758E0C8C27}.Release|iPhone.Build.0 = Release|Any CPU
		{6616F8BB-397D-4C2A-8FD7-5F758E0C8C27}.Release|iPhone.Deploy.0 = Release|Any CPU
		{6616F8BB-397D-4C2A-8FD7-5F758E0C8C27}.Release|iPhoneSimulator.ActiveCfg = Release|Any CPU
		{6616F8BB-397D-4C2A-8FD7-5F758E0C8C27}.Release|iPhoneSimulator.Build.0 = Release|Any CPU
		{6616F8BB-397D-4C2A-8FD7-5F758E0C8C27}.Release|iPhoneSimulator.Deploy.0 = Release|Any CPU
		{798BCEA2-93F3-4655-B8D6-CD7A55C9F5AA}.Debug|Any CPU.ActiveCfg = Debug|iPhoneSimulator
		{798BCEA2-93F3-4655-B8D6-CD7A55C9F5AA}.Debug|Any CPU.Build.0 = Debug|iPhoneSimulator
		{798BCEA2-93F3-4655-B8D6-CD7A55C9F5AA}.Debug|Any CPU.Deploy.0 = Debug|iPhoneSimulator
		{798BCEA2-93F3-4655-B8D6-CD7A55C9F5AA}.Debug|iPhone.ActiveCfg = Debug|iPhone
		{798BCEA2-93F3-4655-B8D6-CD7A55C9F5AA}.Debug|iPhone.Build.0 = Debug|iPhone
		{798BCEA2-93F3-4655-B8D6-CD7A55C9F5AA}.Debug|iPhone.Deploy.0 = Debug|iPhone
		{798BCEA2-93F3-4655-B8D6-CD7A55C9F5AA}.Debug|iPhoneSimulator.ActiveCfg = Debug|iPhoneSimulator
		{798BCEA2-93F3-4655-B8D6-CD7A55C9F5AA}.Debug|iPhoneSimulator.Build.0 = Debug|iPhoneSimulator
		{798BCEA2-93F3-4655-B8D6-CD7A55C9F5AA}.Debug|iPhoneSimulator.Deploy.0 = Debug|iPhoneSimulator
		{798BCEA2-93F3-4655-B8D6-CD7A55C9F5AA}.Release|Any CPU.ActiveCfg = Release|iPhone
		{798BCEA2-93F3-4655-B8D6-CD7A55C9F5AA}.Release|Any CPU.Build.0 = Release|iPhone
		{798BCEA2-93F3-4655-B8D6-CD7A55C9F5AA}.Release|Any CPU.Deploy.0 = Release|iPhone
		{798BCEA2-93F3-4655-B8D6-CD7A55C9F5AA}.Release|iPhone.ActiveCfg = Release|iPhone
		{798BCEA2-93F3-4655-B8D6-CD7A55C9F5AA}.Release|iPhone.Build.0 = Release|iPhone
		{798BCEA2-93F3-4655-B8D6-CD7A55C9F5AA}.Release|iPhone.Deploy.0 = Release|iPhone
		{798BCEA2-93F3-4655-B8D6-CD7A55C9F5AA}.Release|iPhoneSimulator.ActiveCfg = Release|iPhoneSimulator
		{798BCEA2-93F3-4655-B8D6-CD7A55C9F5AA}.Release|iPhoneSimulator.Build.0 = Release|iPhoneSimulator
		{798BCEA2-93F3-4655-B8D6-CD7A55C9F5AA}.Release|iPhoneSimulator.Deploy.0 = Release|iPhoneSimulator
		{FB489269-C5AD-4E48-ADE4-93677684A810}.Debug|Any CPU.ActiveCfg = Debug|Any CPU
		{FB489269-C5AD-4E48-ADE4-93677684A810}.Debug|Any CPU.Build.0 = Debug|Any CPU
		{FB489269-C5AD-4E48-ADE4-93677684A810}.Debug|Any CPU.Deploy.0 = Debug|Any CPU
		{FB489269-C5AD-4E48-ADE4-93677684A810}.Debug|iPhone.ActiveCfg = Debug|Any CPU
		{FB489269-C5AD-4E48-ADE4-93677684A810}.Debug|iPhone.Build.0 = Debug|Any CPU
		{FB489269-C5AD-4E48-ADE4-93677684A810}.Debug|iPhone.Deploy.0 = Debug|Any CPU
		{FB489269-C5AD-4E48-ADE4-93677684A810}.Debug|iPhoneSimulator.ActiveCfg = Debug|Any CPU
		{FB489269-C5AD-4E48-ADE4-93677684A810}.Debug|iPhoneSimulator.Build.0 = Debug|Any CPU
		{FB489269-C5AD-4E48-ADE4-93677684A810}.Debug|iPhoneSimulator.Deploy.0 = Debug|Any CPU
		{FB489269-C5AD-4E48-ADE4-93677684A810}.Release|Any CPU.ActiveCfg = Release|Any CPU
		{FB489269-C5AD-4E48-ADE4-93677684A810}.Release|Any CPU.Build.0 = Release|Any CPU
		{FB489269-C5AD-4E48-ADE4-93677684A810}.Release|Any CPU.Deploy.0 = Release|Any CPU
		{FB489269-C5AD-4E48-ADE4-93677684A810}.Release|iPhone.ActiveCfg = Release|Any CPU
		{FB489269-C5AD-4E48-ADE4-93677684A810}.Release|iPhone.Build.0 = Release|Any CPU
		{FB489269-C5AD-4E48-ADE4-93677684A810}.Release|iPhone.Deploy.0 = Release|Any CPU
		{FB489269-C5AD-4E48-ADE4-93677684A810}.Release|iPhoneSimulator.ActiveCfg = Release|Any CPU
		{FB489269-C5AD-4E48-ADE4-93677684A810}.Release|iPhoneSimulator.Build.0 = Release|Any CPU
		{FB489269-C5AD-4E48-ADE4-93677684A810}.Release|iPhoneSimulator.Deploy.0 = Release|Any CPU
	EndGlobalSection
	GlobalSection(SolutionProperties) = preSolution
		HideSolutionNode = FALSE
	EndGlobalSection
	GlobalSection(ExtensibilityGlobals) = postSolution
		SolutionGuid = {B22D63F6-C5D5-4138-94CF-4B71AA0377BB}
	EndGlobalSection
EndGlobal
